
Microsoft Visual Studio Solution File, Format Version 12.00
# Visual Studio Version 17
VisualStudioVersion = 17.11.35327.3
MinimumVisualStudioVersion = 10.0.40219.1
Project("{FAE04EC0-301F-11D3-BF4B-00C04F79EFBC}") = "Lab1", "Lab1\Lab1.csproj", "{2E84D8F5-C833-489E-80C9-49E9D6DEBBBD}"
EndProject
Global
	GlobalSection(SolutionConfigurationPlatforms) = preSolution
		Debug|Any CPU = Debug|Any CPU
		Release|Any CPU = Release|Any CPU
	EndGlobalSection
	GlobalSection(ProjectConfigurationPlatforms) = postSolution
		{2E84D8F5-C833-489E-80C9-49E9D6DEBBBD}.Debug|Any CPU.ActiveCfg = Debug|Any CPU
		{2E84D8F5-C833-489E-80C9-49E9D6DEBBBD}.Debug|Any CPU.Build.0 = Debug|Any CPU
		{2E84D8F5-C833-489E-80C9-49E9D6DEBBBD}.Release|Any CPU.ActiveCfg = Release|Any CPU
		{2E84D8F5-C833-489E-80C9-49E9D6DEBBBD}.Release|Any CPU.Build.0 = Release|Any CPU
	EndGlobalSection
	GlobalSection(SolutionProperties) = preSolution
		HideSolutionNode = FALSE
	EndGlobalSection
	GlobalSection(ExtensibilityGlobals) = postSolution
		SolutionGuid = {9DEE9D50-A012-4168-9F7A-B7025D8120B5}
	EndGlobalSection
EndGlobal
